
Microsoft Visual Studio Solution File, Format Version 12.00
# Visual Studio 15
VisualStudioVersion = 15.0.26430.12
MinimumVisualStudioVersion = 10.0.40219.1
Project("{FAE04EC0-301F-11D3-BF4B-00C04F79EFBC}") = "SampleApp", "SampleApp\SampleApp.csproj", "{9A9B4567-74A0-4A1F-8340-AF3496C6839E}"
EndProject
Project("{FAE04EC0-301F-11D3-BF4B-00C04F79EFBC}") = "ChangeNotifications", "ChangeNotifications\ChangeNotifications.csproj", "{35E53AB1-485A-4BAB-B3AD-E3C5EA6EBF27}"
EndProject
Global
	GlobalSection(SolutionConfigurationPlatforms) = preSolution
		Debug|Any CPU = Debug|Any CPU
		Release|Any CPU = Release|Any CPU
	EndGlobalSection
	GlobalSection(ProjectConfigurationPlatforms) = postSolution
		{9A9B4567-74A0-4A1F-8340-AF3496C6839E}.Debug|Any CPU.ActiveCfg = Debug|Any CPU
		{9A9B4567-74A0-4A1F-8340-AF3496C6839E}.Debug|Any CPU.Build.0 = Debug|Any CPU
		{9A9B4567-74A0-4A1F-8340-AF3496C6839E}.Release|Any CPU.ActiveCfg = Release|Any CPU
		{9A9B4567-74A0-4A1F-8340-AF3496C6839E}.Release|Any CPU.Build.0 = Release|Any CPU
		{35E53AB1-485A-4BAB-B3AD-E3C5EA6EBF27}.Debug|Any CPU.ActiveCfg = Debug|Any CPU
		{35E53AB1-485A-4BAB-B3AD-E3C5EA6EBF27}.Debug|Any CPU.Build.0 = Debug|Any CPU
		{35E53AB1-485A-4BAB-B3AD-E3C5EA6EBF27}.Release|Any CPU.ActiveCfg = Release|Any CPU
		{35E53AB1-485A-4BAB-B3AD-E3C5EA6EBF27}.Release|Any CPU.Build.0 = Release|Any CPU
	EndGlobalSection
	GlobalSection(SolutionProperties) = preSolution
		HideSolutionNode = FALSE
	EndGlobalSection
EndGlobal
